{
  "name": "@klausclaw18/openclaw-filebrowser",
  "version": "1.1.0",
  "lockfileVersion": 3,
  "requires": true,
  "packages": {
    "": {
      "name": "@klausclaw18/openclaw-filebrowser",
      "version": "1.1.0",
      "license": "MIT",
      "dependencies": {
        "typebox": "1.1.38"
      },
      "peerDependencies": {
        "openclaw": ">=2026.5.27"
      },
      "peerDependenciesMeta": {
        "openclaw": {
          "optional": true
        }
      }
    },
    "node_modules/typebox": {
      "version": "1.1.38",
      "resolved": "https://registry.npmjs.org/typebox/-/typebox-1.1.38.tgz",
      "integrity": "sha512-pZ0aQPmMmXoUvSbeuWf/Hzsc+avNw/Zd6VeE8CFgkVGWyuHPJvqeJJDeJqLve+K70LvjYIoleGcoJHPT17cWoA==",
      "license": "MIT"
    }
  }
}
